
Microsoft Visual Studio Solution File, Format Version 12.00
# Visual Studio 15
VisualStudioVersion = 15.0.28010.2026
MinimumVisualStudioVersion = 10.0.40219.1
Project("{FAE04EC0-301F-11D3-BF4B-00C04F79EFBC}") = "HammingCalculator.Lib", "HammingCalculator.Lib\HammingCalculator.Lib.csproj", "{FFC8CCDC-E642-438D-9086-6C16824104FC}"
EndProject
Project("{FAE04EC0-301F-11D3-BF4B-00C04F79EFBC}") = "HammingCalculator.Lib.Tests", "HammingCalculator.Lib.Tests\HammingCalculator.Lib.Tests.csproj", "{296277BF-090F-4BAC-BE0D-F7A0EADDE4F4}"
EndProject
Project("{FAE04EC0-301F-11D3-BF4B-00C04F79EFBC}") = "HammingCalculator.App", "HammingCalculator.App\HammingCalculator.App.csproj", "{5C5C16D8-3AEB-4752-A30B-2E0F16B28CD8}"
EndProject
Project("{FAE04EC0-301F-11D3-BF4B-00C04F79EFBC}") = "HammingCalculator.App.Integration.Tests", "HammingCalculator.App.Integration.Tests\HammingCalculator.App.Integration.Tests.csproj", "{CDF2CC28-5FBB-4335-9904-92C626B4BE44}"
EndProject
Global
	GlobalSection(SolutionConfigurationPlatforms) = preSolution
		Debug|Any CPU = Debug|Any CPU
		Release|Any CPU = Release|Any CPU
	EndGlobalSection
	GlobalSection(ProjectConfigurationPlatforms) = postSolution
		{FFC8CCDC-E642-438D-9086-6C16824104FC}.Debug|Any CPU.ActiveCfg = Debug|Any CPU
		{FFC8CCDC-E642-438D-9086-6C16824104FC}.Debug|Any CPU.Build.0 = Debug|Any CPU
		{FFC8CCDC-E642-438D-9086-6C16824104FC}.Release|Any CPU.ActiveCfg = Release|Any CPU
		{FFC8CCDC-E642-438D-9086-6C16824104FC}.Release|Any CPU.Build.0 = Release|Any CPU
		{296277BF-090F-4BAC-BE0D-F7A0EADDE4F4}.Debug|Any CPU.ActiveCfg = Debug|Any CPU
		{296277BF-090F-4BAC-BE0D-F7A0EADDE4F4}.Debug|Any CPU.Build.0 = Debug|Any CPU
		{296277BF-090F-4BAC-BE0D-F7A0EADDE4F4}.Release|Any CPU.ActiveCfg = Release|Any CPU
		{296277BF-090F-4BAC-BE0D-F7A0EADDE4F4}.Release|Any CPU.Build.0 = Release|Any CPU
		{5C5C16D8-3AEB-4752-A30B-2E0F16B28CD8}.Debug|Any CPU.ActiveCfg = Debug|Any CPU
		{5C5C16D8-3AEB-4752-A30B-2E0F16B28CD8}.Debug|Any CPU.Build.0 = Debug|Any CPU
		{5C5C16D8-3AEB-4752-A30B-2E0F16B28CD8}.Release|Any CPU.ActiveCfg = Release|Any CPU
		{5C5C16D8-3AEB-4752-A30B-2E0F16B28CD8}.Release|Any CPU.Build.0 = Release|Any CPU
		{CDF2CC28-5FBB-4335-9904-92C626B4BE44}.Debug|Any CPU.ActiveCfg = Debug|Any CPU
		{CDF2CC28-5FBB-4335-9904-92C626B4BE44}.Debug|Any CPU.Build.0 = Debug|Any CPU
		{CDF2CC28-5FBB-4335-9904-92C626B4BE44}.Release|Any CPU.ActiveCfg = Release|Any CPU
		{CDF2CC28-5FBB-4335-9904-92C626B4BE44}.Release|Any CPU.Build.0 = Release|Any CPU
	EndGlobalSection
	GlobalSection(SolutionProperties) = preSolution
		HideSolutionNode = FALSE
	EndGlobalSection
	GlobalSection(ExtensibilityGlobals) = postSolution
		SolutionGuid = {9292663D-58F2-496B-A782-DA01E36C53BA}
	EndGlobalSection
EndGlobal
